
Microsoft Visual Studio Solution File, Format Version 12.00
# Visual Studio Version 17
VisualStudioVersion = 17.12.35707.178 d17.12
MinimumVisualStudioVersion = 10.0.40219.1
Project("{FAE04EC0-301F-11D3-BF4B-00C04F79EFBC}") = "TesteTecnicoWK", "TesteTecnicoWK\TesteTecnicoWK.csproj", "{F995C35D-6A3F-48A0-90AA-E9F77881ECA1}"
EndProject
Global
	GlobalSection(SolutionConfigurationPlatforms) = preSolution
		Debug|Any CPU = Debug|Any CPU
		Release|Any CPU = Release|Any CPU
	EndGlobalSection
	GlobalSection(ProjectConfigurationPlatforms) = postSolution
		{F995C35D-6A3F-48A0-90AA-E9F77881ECA1}.Debug|Any CPU.ActiveCfg = Debug|Any CPU
		{F995C35D-6A3F-48A0-90AA-E9F77881ECA1}.Debug|Any CPU.Build.0 = Debug|Any CPU
		{F995C35D-6A3F-48A0-90AA-E9F77881ECA1}.Release|Any CPU.ActiveCfg = Release|Any CPU
		{F995C35D-6A3F-48A0-90AA-E9F77881ECA1}.Release|Any CPU.Build.0 = Release|Any CPU
	EndGlobalSection
	GlobalSection(SolutionProperties) = preSolution
		HideSolutionNode = FALSE
	EndGlobalSection
EndGlobal
